
Microsoft Visual Studio Solution File, Format Version 12.00
# Visual Studio Version 16
VisualStudioVersion = 16.0.31105.61
MinimumVisualStudioVersion = 10.0.40219.1
Project("{9A19103F-16F7-4668-BE54-9A1E7A4F7556}") = "DataAccess", "DataAccess\DataAccess.csproj", "{053B73AB-E4B0-4889-8E43-B7DF49F096FE}"
EndProject
Project("{9A19103F-16F7-4668-BE54-9A1E7A4F7556}") = "Business", "Business\Business.csproj", "{80063DEA-E1D4-4881-968B-64191DD03DAA}"
EndProject
Project("{9A19103F-16F7-4668-BE54-9A1E7A4F7556}") = "Entities", "Entities\Entities.csproj", "{9F47CD74-6E84-4CA8-9B28-0BF73CB9D595}"
EndProject
Project("{9A19103F-16F7-4668-BE54-9A1E7A4F7556}") = "ConsoleUI", "ConsoleUI\ConsoleUI.csproj", "{BE85A008-F2C5-4380-B1D1-1D325380106A}"
EndProject
Project("{FAE04EC0-301F-11D3-BF4B-00C04F79EFBC}") = "Core", "Core\Core.csproj", "{9274F007-DC39-4378-83FD-34F6916AE523}"
EndProject
Global
	GlobalSection(SolutionConfigurationPlatforms) = preSolution
		Debug|Any CPU = Debug|Any CPU
		Release|Any CPU = Release|Any CPU
	EndGlobalSection
	GlobalSection(ProjectConfigurationPlatforms) = postSolution
		{053B73AB-E4B0-4889-8E43-B7DF49F096FE}.Debug|Any CPU.ActiveCfg = Debug|Any CPU
		{053B73AB-E4B0-4889-8E43-B7DF49F096FE}.Debug|Any CPU.Build.0 = Debug|Any CPU
		{053B73AB-E4B0-4889-8E43-B7DF49F096FE}.Release|Any CPU.ActiveCfg = Release|Any CPU
		{053B73AB-E4B0-4889-8E43-B7DF49F096FE}.Release|Any CPU.Build.0 = Release|Any CPU
		{80063DEA-E1D4-4881-968B-64191DD03DAA}.Debug|Any CPU.ActiveCfg = Debug|Any CPU
		{80063DEA-E1D4-4881-968B-64191DD03DAA}.Debug|Any CPU.Build.0 = Debug|Any CPU
		{80063DEA-E1D4-4881-968B-64191DD03DAA}.Release|Any CPU.ActiveCfg = Release|Any CPU
		{80063DEA-E1D4-4881-968B-64191DD03DAA}.Release|Any CPU.Build.0 = Release|Any CPU
		{9F47CD74-6E84-4CA8-9B28-0BF73CB9D595}.Debug|Any CPU.ActiveCfg = Debug|Any CPU
		{9F47CD74-6E84-4CA8-9B28-0BF73CB9D595}.Debug|Any CPU.Build.0 = Debug|Any CPU
		{9F47CD74-6E84-4CA8-9B28-0BF73CB9D595}.Release|Any CPU.ActiveCfg = Release|Any CPU
		{9F47CD74-6E84-4CA8-9B28-0BF73CB9D595}.Release|Any CPU.Build.0 = Release|Any CPU
		{BE85A008-F2C5-4380-B1D1-1D325380106A}.Debug|Any CPU.ActiveCfg = Debug|Any CPU
		{BE85A008-F2C5-4380-B1D1-1D325380106A}.Debug|Any CPU.Build.0 = Debug|Any CPU
		{BE85A008-F2C5-4380-B1D1-1D325380106A}.Release|Any CPU.ActiveCfg = Release|Any CPU
		{BE85A008-F2C5-4380-B1D1-1D325380106A}.Release|Any CPU.Build.0 = Release|Any CPU
		{9274F007-DC39-4378-83FD-34F6916AE523}.Debug|Any CPU.ActiveCfg = Debug|Any CPU
		{9274F007-DC39-4378-83FD-34F6916AE523}.Debug|Any CPU.Build.0 = Debug|Any CPU
		{9274F007-DC39-4378-83FD-34F6916AE523}.Release|Any CPU.ActiveCfg = Release|Any CPU
		{9274F007-DC39-4378-83FD-34F6916AE523}.Release|Any CPU.Build.0 = Release|Any CPU
	EndGlobalSection
	GlobalSection(SolutionProperties) = preSolution
		HideSolutionNode = FALSE
	EndGlobalSection
	GlobalSection(ExtensibilityGlobals) = postSolution
		SolutionGuid = {ED1C5D4F-27F8-4765-9C58-1CBC1E69B635}
	EndGlobalSection
EndGlobal
